{
  "name": "odd-self-hosted-ci-runtime",
  "lockfileVersion": 3,
  "requires": true,
  "packages": {
    "": {
      "devDependencies": {
        "@oddessentials/repo-standards": "^6.0.0"
      }
    },
    "node_modules/@oddessentials/repo-standards": {
      "version": "6.0.0",
      "resolved": "https://registry.npmjs.org/@oddessentials/repo-standards/-/repo-standards-6.0.0.tgz",
      "integrity": "sha512-aFK3DKjs1aBjtzECsKUZDAX9sQY5nx7WFy8H0hj8VjAUxCWu/qlhE1T9Mxz9sQVFajaU1aZExffmPFn1EcVEEg==",
      "dev": true,
      "hasInstallScript": true,
      "license": "MIT",
      "bin": {
        "repo-standards": "dist/cli.js"
      },
      "engines": {
        "node": ">=22"
      }
    }
  }
}
